
Microsoft Visual Studio Solution File, Format Version 12.00
# Visual Studio Version 17
VisualStudioVersion = 17.0.31825.309
MinimumVisualStudioVersion = 10.0.40219.1
Project("{FAE04EC0-301F-11D3-BF4B-00C04F79EFBC}") = "ArinaWebsiteManager", "ArinaWebsiteManager\ArinaWebsiteManager.csproj", "{3308FCB6-3B23-4D61-90BC-0B32DDDE62B3}"
EndProject
Project("{E24C65DC-7377-472B-9ABA-BC803B73C61A}") = "ArinaOrganization", "ArinaOrganization\", "{3CCB78E8-6EFE-45F5-BC4F-046EEAE89054}"
	ProjectSection(WebsiteProperties) = preProject
		TargetFrameworkMoniker = ".NETFramework,Version%3Dv4.8"
		Debug.AspNetCompiler.VirtualPath = "/localhost_55161"
		Debug.AspNetCompiler.PhysicalPath = "ArinaOrganization\"
		Debug.AspNetCompiler.TargetPath = "PrecompiledWeb\localhost_55161\"
		Debug.AspNetCompiler.Updateable = "true"
		Debug.AspNetCompiler.ForceOverwrite = "true"
		Debug.AspNetCompiler.FixedNames = "false"
		Debug.AspNetCompiler.Debug = "True"
		Release.AspNetCompiler.VirtualPath = "/localhost_55161"
		Release.AspNetCompiler.PhysicalPath = "ArinaOrganization\"
		Release.AspNetCompiler.TargetPath = "PrecompiledWeb\localhost_55161\"
		Release.AspNetCompiler.Updateable = "true"
		Release.AspNetCompiler.ForceOverwrite = "true"
		Release.AspNetCompiler.FixedNames = "false"
		Release.AspNetCompiler.Debug = "False"
		VWDPort = "55161"
		SlnRelativePath = "ArinaOrganization\"
	EndProjectSection
EndProject
Project("{2150E333-8FDC-42A3-9474-1A3956D46DE8}") = "方案項目", "方案項目", "{8DDC4786-5FC8-F15C-1CA5-9F41FD4BEB75}"
	ProjectSection(SolutionItems) = preProject
		.gitattributes = .gitattributes
		.gitignore = .gitignore
	EndProjectSection
EndProject
Global
	GlobalSection(SolutionConfigurationPlatforms) = preSolution
		Debug|Any CPU = Debug|Any CPU
		Release|Any CPU = Release|Any CPU
	EndGlobalSection
	GlobalSection(ProjectConfigurationPlatforms) = postSolution
		{3308FCB6-3B23-4D61-90BC-0B32DDDE62B3}.Debug|Any CPU.ActiveCfg = Debug|Any CPU
		{3308FCB6-3B23-4D61-90BC-0B32DDDE62B3}.Debug|Any CPU.Build.0 = Debug|Any CPU
		{3308FCB6-3B23-4D61-90BC-0B32DDDE62B3}.Release|Any CPU.ActiveCfg = Release|Any CPU
		{3308FCB6-3B23-4D61-90BC-0B32DDDE62B3}.Release|Any CPU.Build.0 = Release|Any CPU
		{3CCB78E8-6EFE-45F5-BC4F-046EEAE89054}.Debug|Any CPU.ActiveCfg = Debug|Any CPU
		{3CCB78E8-6EFE-45F5-BC4F-046EEAE89054}.Debug|Any CPU.Build.0 = Debug|Any CPU
		{3CCB78E8-6EFE-45F5-BC4F-046EEAE89054}.Release|Any CPU.ActiveCfg = Debug|Any CPU
		{3CCB78E8-6EFE-45F5-BC4F-046EEAE89054}.Release|Any CPU.Build.0 = Debug|Any CPU
	EndGlobalSection
	GlobalSection(SolutionProperties) = preSolution
		HideSolutionNode = FALSE
	EndGlobalSection
	GlobalSection(ExtensibilityGlobals) = postSolution
		SolutionGuid = {3EB2F506-3D3B-4BAF-89CE-1E95DF724188}
	EndGlobalSection
EndGlobal
